// !$*UTF8*$!
{
	archiveVersion = 1;
	classes = {
	};
	objectVersion = 52;
	objects = {

/* Begin PBXBuildFile section */
		1E95B2B823C2D0EC79CBA5C3 /* Pods_MarvelApiClientTests.framework in Frameworks */ = {isa = PBXBuildFile; fileRef = 58B28587A4ECC64C455DD520 /* Pods_MarvelApiClientTests.framework */; };
		285122812181E3E5009D4AB0 /* Extensions.swift in Sources */ = {isa = PBXBuildFile; fileRef = 285122802181E3E5009D4AB0 /* Extensions.swift */; };
		28512297218337E2009D4AB0 /* amour-1.jpg in Resources */ = {isa = PBXBuildFile; fileRef = 28512296218337E2009D4AB0 /* amour-1.jpg */; };
		287C9A0A217F39CB00D63092 /* AppDelegate.swift in Sources */ = {isa = PBXBuildFile; fileRef = 287C9A09217F39CB00D63092 /* AppDelegate.swift */; };
		287C9A0F217F39CB00D63092 /* Main.storyboard in Resources */ = {isa = PBXBuildFile; fileRef = 287C9A0D217F39CB00D63092 /* Main.storyboard */; };
		287C9A11217F39CC00D63092 /* Assets.xcassets in Resources */ = {isa = PBXBuildFile; fileRef = 287C9A10217F39CC00D63092 /* Assets.xcassets */; };
		287C9A14217F39CC00D63092 /* LaunchScreen.storyboard in Resources */ = {isa = PBXBuildFile; fileRef = 287C9A12217F39CC00D63092 /* LaunchScreen.storyboard */; };
		6713D79A83C952EAF643E4EA /* Pods_MarvelApiClient.framework in Frameworks */ = {isa = PBXBuildFile; fileRef = 8A1E20E4A84485544C1BB354 /* Pods_MarvelApiClient.framework */; };
		C703663924753DEB0005886F /* LandingViewController.swift in Sources */ = {isa = PBXBuildFile; fileRef = C703660C24753DEA0005886F /* LandingViewController.swift */; };
		C703663A24753DEB0005886F /* CharacterCell.xib in Resources */ = {isa = PBXBuildFile; fileRef = C703660F24753DEA0005886F /* CharacterCell.xib */; };
		C703663B24753DEB0005886F /* CharacterCell.swift in Sources */ = {isa = PBXBuildFile; fileRef = C703661024753DEA0005886F /* CharacterCell.swift */; };
		C703663C24753DEB0005886F /* CharactersListViewController.swift in Sources */ = {isa = PBXBuildFile; fileRef = C703661124753DEA0005886F /* CharactersListViewController.swift */; };
		C703663D24753DEB0005886F /* GetCharactersListInteractor.swift in Sources */ = {isa = PBXBuildFile; fileRef = C703661224753DEA0005886F /* GetCharactersListInteractor.swift */; };
		C703663E24753DEB0005886F /* CharactersListCoordinator.swift in Sources */ = {isa = PBXBuildFile; fileRef = C703661324753DEA0005886F /* CharactersListCoordinator.swift */; };
		C703663F24753DEB0005886F /* CharacterDetailPresenter.swift in Sources */ = {isa = PBXBuildFile; fileRef = C703661524753DEA0005886F /* CharacterDetailPresenter.swift */; };
		C703664024753DEB0005886F /* CharacterDetailViewController.swift in Sources */ = {isa = PBXBuildFile; fileRef = C703661624753DEA0005886F /* CharacterDetailViewController.swift */; };
		C703664124753DEB0005886F /* CharacterDetailInteractor.swift in Sources */ = {isa = PBXBuildFile; fileRef = C703661724753DEA0005886F /* CharacterDetailInteractor.swift */; };
		C703664224753DEB0005886F /* CharactersListPresenter.swift in Sources */ = {isa = PBXBuildFile; fileRef = C703661824753DEA0005886F /* CharactersListPresenter.swift */; };
		C703664824753DEB0005886F /* LandingCoordinator.swift in Sources */ = {isa = PBXBuildFile; fileRef = C703662124753DEA0005886F /* LandingCoordinator.swift */; };
		C703664924753DEB0005886F /* LandingPresenter.swift in Sources */ = {isa = PBXBuildFile; fileRef = C703662224753DEA0005886F /* LandingPresenter.swift */; };
		C703664A24753DEB0005886F /* OnboardingPresenter.swift in Sources */ = {isa = PBXBuildFile; fileRef = C703662424753DEA0005886F /* OnboardingPresenter.swift */; };
		C703664B24753DEB0005886F /* OnboardingViewController.swift in Sources */ = {isa = PBXBuildFile; fileRef = C703662524753DEA0005886F /* OnboardingViewController.swift */; };
		C7036653247540350005886F /* DataStoreProtocol.swift in Sources */ = {isa = PBXBuildFile; fileRef = C7036652247540350005886F /* DataStoreProtocol.swift */; };
		C703665A24754D010005886F /* CharactersListPresenterTest.swift in Sources */ = {isa = PBXBuildFile; fileRef = C703665924754D010005886F /* CharactersListPresenterTest.swift */; };
		C703665D24754D4B0005886F /* CharacterDetailPresenterTests.swift in Sources */ = {isa = PBXBuildFile; fileRef = C703665B24754D4B0005886F /* CharacterDetailPresenterTests.swift */; };
		C703665E24754D4B0005886F /* CharacterDetailInteractorTests.swift in Sources */ = {isa = PBXBuildFile; fileRef = C703665C24754D4B0005886F /* CharacterDetailInteractorTests.swift */; };
		C707B8AC24DC44D5006069A1 /* CharactersRepository.swift in Sources */ = {isa = PBXBuildFile; fileRef = C707B8AB24DC44D5006069A1 /* CharactersRepository.swift */; };
		C707B8AE24DC4507006069A1 /* DefaultCharactersRepository.swift in Sources */ = {isa = PBXBuildFile; fileRef = C707B8AD24DC4507006069A1 /* DefaultCharactersRepository.swift */; };
		C707B8B224DC468C006069A1 /* CharactersRequestDTO.swift in Sources */ = {isa = PBXBuildFile; fileRef = C707B8B124DC468C006069A1 /* CharactersRequestDTO.swift */; };
		C707B8B524DC57A9006069A1 /* Character.swift in Sources */ = {isa = PBXBuildFile; fileRef = C707B8B424DC57A9006069A1 /* Character.swift */; };
		C707B8B724DC58A5006069A1 /* CharactersQuery.swift in Sources */ = {isa = PBXBuildFile; fileRef = C707B8B624DC58A5006069A1 /* CharactersQuery.swift */; };
		C707B8B924DDAC97006069A1 /* CharacterResult.swift in Sources */ = {isa = PBXBuildFile; fileRef = C707B8B824DDAC97006069A1 /* CharacterResult.swift */; };
		C7096D722448E6C000DEE7D3 /* DeepLink.swift in Sources */ = {isa = PBXBuildFile; fileRef = C7096D712448E6C000DEE7D3 /* DeepLink.swift */; };
		C7096D772449C7C500DEE7D3 /* SceneDelegate.swift in Sources */ = {isa = PBXBuildFile; fileRef = C7096D762449C7C500DEE7D3 /* SceneDelegate.swift */; };
		C715DC2424D2DE1000DAC74A /* MockURLSession.swift in Sources */ = {isa = PBXBuildFile; fileRef = C715DC2324D2DE1000DAC74A /* MockURLSession.swift */; };
		C715DC2824D2DEB600DAC74A /* MockApiClient.swift in Sources */ = {isa = PBXBuildFile; fileRef = C715DC2524D2DEB600DAC74A /* MockApiClient.swift */; };
		C715DC2924D2DEB600DAC74A /* AppDependenciesDummy.swift in Sources */ = {isa = PBXBuildFile; fileRef = C715DC2624D2DEB600DAC74A /* AppDependenciesDummy.swift */; };
		C715DC2A24D2DEB600DAC74A /* MockURLSessionDataTask.swift in Sources */ = {isa = PBXBuildFile; fileRef = C715DC2724D2DEB600DAC74A /* MockURLSessionDataTask.swift */; };
		C715DC3024D30BD200DAC74A /* RestDependencies.swift in Sources */ = {isa = PBXBuildFile; fileRef = C715DC2F24D30BD200DAC74A /* RestDependencies.swift */; };
		C715DC3224D30C5D00DAC74A /* Factory.swift in Sources */ = {isa = PBXBuildFile; fileRef = C715DC3124D30C5D00DAC74A /* Factory.swift */; };
		C7169219244C99A5005BF4AB /* MockObjects.swift in Sources */ = {isa = PBXBuildFile; fileRef = C7169218244C99A5005BF4AB /* MockObjects.swift */; };
		C716921B244CD083005BF4AB /* MarvelApiClientTest.swift in Sources */ = {isa = PBXBuildFile; fileRef = C716921A244CD083005BF4AB /* MarvelApiClientTest.swift */; };
		C7169232244DE062005BF4AB /* MarvelDTOs.swift in Sources */ = {isa = PBXBuildFile; fileRef = C7169228244DE062005BF4AB /* MarvelDTOs.swift */; };
		C7169240244F0385005BF4AB /* MarvelError.swift in Sources */ = {isa = PBXBuildFile; fileRef = C716923F244F0385005BF4AB /* MarvelError.swift */; };
		C71B79632476A31D002D5B09 /* superheros.png in Resources */ = {isa = PBXBuildFile; fileRef = C70873D32471F55500184DE0 /* superheros.png */; };
		C71B79652476AA14002D5B09 /* MarvelApp.docx in Resources */ = {isa = PBXBuildFile; fileRef = C71B79642476AA14002D5B09 /* MarvelApp.docx */; };
		C728C2AB246C375300F60806 /* AppDIContainer.swift in Sources */ = {isa = PBXBuildFile; fileRef = C728C2AA246C375200F60806 /* AppDIContainer.swift */; };
		C72CF2B2247163B80048B0A2 /* AppSettings.swift in Sources */ = {isa = PBXBuildFile; fileRef = C72CF2B1247163B80048B0A2 /* AppSettings.swift */; };
		C72CF2B92471ED860048B0A2 /* .swiftlint.yml in Resources */ = {isa = PBXBuildFile; fileRef = C72CF2B42471ED860048B0A2 /* .swiftlint.yml */; };
		C72CF2BA2471ED860048B0A2 /* swiftlint.sh in Resources */ = {isa = PBXBuildFile; fileRef = C72CF2B52471ED860048B0A2 /* swiftlint.sh */; };
		C72CF2BB2471ED860048B0A2 /* build_increment2.sh in Resources */ = {isa = PBXBuildFile; fileRef = C72CF2B62471ED860048B0A2 /* build_increment2.sh */; };
		C72CF2BC2471ED860048B0A2 /* build_increment.sh in Resources */ = {isa = PBXBuildFile; fileRef = C72CF2B72471ED860048B0A2 /* build_increment.sh */; };
		C72CF2BD2471ED860048B0A2 /* sitrep.sh in Resources */ = {isa = PBXBuildFile; fileRef = C72CF2B82471ED860048B0A2 /* sitrep.sh */; };
		C72CF3682471F1B40048B0A2 /* sitrep in Resources */ = {isa = PBXBuildFile; fileRef = C72CF3672471F1B40048B0A2 /* sitrep */; };
		C72CF36A2471F2170048B0A2 /* swiftlint in Resources */ = {isa = PBXBuildFile; fileRef = C72CF3692471F2160048B0A2 /* swiftlint */; };
		C7411A3B24EAD451003D2B64 /* Rest in Frameworks */ = {isa = PBXBuildFile; productRef = C7411A3A24EAD451003D2B64 /* Rest */; settings = {ATTRIBUTES = (Required, ); }; };
		C7483D3424C99EAB00651D49 /* MarvelApiConfig.swift in Sources */ = {isa = PBXBuildFile; fileRef = C7483D3124C99EAA00651D49 /* MarvelApiConfig.swift */; };
		C7483D3624C99EAB00651D49 /* MarvelAPIClient.swift in Sources */ = {isa = PBXBuildFile; fileRef = C7483D3324C99EAA00651D49 /* MarvelAPIClient.swift */; };
		C74963A12472DD53001B9A5E /* MockedResponseGetCharacters.json in Resources */ = {isa = PBXBuildFile; fileRef = C74963A02472DD53001B9A5E /* MockedResponseGetCharacters.json */; };
		C74963A32472F731001B9A5E /* TestUtils.swift in Sources */ = {isa = PBXBuildFile; fileRef = C74963A22472F731001B9A5E /* TestUtils.swift */; };
		C74963A92473C886001B9A5E /* CharactersListInteractorTests.swift in Sources */ = {isa = PBXBuildFile; fileRef = C74963A82473C886001B9A5E /* CharactersListInteractorTests.swift */; };
		C74963AB2473C89A001B9A5E /* DataLayer.swift in Sources */ = {isa = PBXBuildFile; fileRef = C74963AA2473C89A001B9A5E /* DataLayer.swift */; };
		C74963B324740277001B9A5E /* MockedResponseCharacterResultId1011334.json in Resources */ = {isa = PBXBuildFile; fileRef = C74963B224740277001B9A5E /* MockedResponseCharacterResultId1011334.json */; };
		C76B29A6243A5F1B00793179 /* MarvelApiClientIntegrationTests.swift in Sources */ = {isa = PBXBuildFile; fileRef = C76B29A5243A5F1B00793179 /* MarvelApiClientIntegrationTests.swift */; };
		C776993B24B31394003BE9BD /* CharacterCellPresentationModel.swift in Sources */ = {isa = PBXBuildFile; fileRef = C776993A24B31394003BE9BD /* CharacterCellPresentationModel.swift */; };
		C776993D24B313BE003BE9BD /* Observable.swift in Sources */ = {isa = PBXBuildFile; fileRef = C776993C24B313BE003BE9BD /* Observable.swift */; };
		C7887B7D24C6196000EAEB1F /* UIViewController +  ErrorDialog.swift in Sources */ = {isa = PBXBuildFile; fileRef = C7887B7C24C6196000EAEB1F /* UIViewController +  ErrorDialog.swift */; };
		C7A4D7D024EAC60A007D1DA6 /* AlamofireImage in Frameworks */ = {isa = PBXBuildFile; productRef = C7A4D7CF24EAC60A007D1DA6 /* AlamofireImage */; };
		C7B5542B24EADD1D00A02AFE /* MarvelApiRequest.swift in Sources */ = {isa = PBXBuildFile; fileRef = C7B5542A24EADD1D00A02AFE /* MarvelApiRequest.swift */; };
		C7B5542D24EAF3AB00A02AFE /* APIRequests.swift in Sources */ = {isa = PBXBuildFile; fileRef = C7B5542C24EAF3AB00A02AFE /* APIRequests.swift */; };
		C7BE8B8924AF5F0D00B8A569 /* CharactersListViewControllerTests.swift in Sources */ = {isa = PBXBuildFile; fileRef = C7BE8B8824AF5F0D00B8A569 /* CharactersListViewControllerTests.swift */; };
		C7BE8B8B24AF603400B8A569 /* CharactersListProtocols.swift in Sources */ = {isa = PBXBuildFile; fileRef = C7BE8B8A24AF603400B8A569 /* CharactersListProtocols.swift */; };
		C7D3F040243B770F004E4C0E /* Coordinator.swift in Sources */ = {isa = PBXBuildFile; fileRef = C7D3F03F243B770F004E4C0E /* Coordinator.swift */; };
		C7E02812243FD4DB00888249 /* AppCoordinator.swift in Sources */ = {isa = PBXBuildFile; fileRef = C7E02811243FD4DB00888249 /* AppCoordinator.swift */; };
		C7EC670D24435E3C00F88FDE /* UserDefaultsDataStore.swift in Sources */ = {isa = PBXBuildFile; fileRef = C7EC670C24435E3C00F88FDE /* UserDefaultsDataStore.swift */; };
/* End PBXBuildFile section */

/* Begin PBXContainerItemProxy section */
		C76B29A8243A5F1B00793179 /* PBXContainerItemProxy */ = {
			isa = PBXContainerItemProxy;
			containerPortal = 287C99FE217F39CB00D63092 /* Project object */;
			proxyType = 1;
			remoteGlobalIDString = 287C9A05217F39CB00D63092;
			remoteInfo = ApiLayer;
		};
/* End PBXContainerItemProxy section */

/* Begin PBXFileReference section */
		285122802181E3E5009D4AB0 /* Extensions.swift */ = {isa = PBXFileReference; lastKnownFileType = sourcecode.swift; path = Extensions.swift; sourceTree = "<group>"; };
		2851229221832BB9009D4AB0 /* Readme.md */ = {isa = PBXFileReference; lastKnownFileType = net.daringfireball.markdown; path = Readme.md; sourceTree = "<group>"; xcLanguageSpecificationIdentifier = xcode.lang.markdown; };
		28512296218337E2009D4AB0 /* amour-1.jpg */ = {isa = PBXFileReference; lastKnownFileType = image.jpeg; path = "amour-1.jpg"; sourceTree = "<group>"; };
		287C9A06217F39CB00D63092 /* MarvelApiClient.app */ = {isa = PBXFileReference; explicitFileType = wrapper.application; includeInIndex = 0; path = MarvelApiClient.app; sourceTree = BUILT_PRODUCTS_DIR; };
		287C9A09217F39CB00D63092 /* AppDelegate.swift */ = {isa = PBXFileReference; lastKnownFileType = sourcecode.swift; path = AppDelegate.swift; sourceTree = "<group>"; };
		287C9A0E217F39CB00D63092 /* Base */ = {isa = PBXFileReference; lastKnownFileType = file.storyboard; name = Base; path = Base.lproj/Main.storyboard; sourceTree = "<group>"; };
		287C9A10217F39CC00D63092 /* Assets.xcassets */ = {isa = PBXFileReference; lastKnownFileType = folder.assetcatalog; path = Assets.xcassets; sourceTree = "<group>"; };
		287C9A13217F39CC00D63092 /* Base */ = {isa = PBXFileReference; lastKnownFileType = file.storyboard; name = Base; path = Base.lproj/LaunchScreen.storyboard; sourceTree = "<group>"; };
		287C9A15217F39CC00D63092 /* Info.plist */ = {isa = PBXFileReference; lastKnownFileType = text.plist.xml; path = Info.plist; sourceTree = "<group>"; };
		2BCEED2DB2E5F5A3838DCFEB /* Pods-MarvelApiClient.release.xcconfig */ = {isa = PBXFileReference; includeInIndex = 1; lastKnownFileType = text.xcconfig; name = "Pods-MarvelApiClient.release.xcconfig"; path = "Target Support Files/Pods-MarvelApiClient/Pods-MarvelApiClient.release.xcconfig"; sourceTree = "<group>"; };
		58B28587A4ECC64C455DD520 /* Pods_MarvelApiClientTests.framework */ = {isa = PBXFileReference; explicitFileType = wrapper.framework; includeInIndex = 0; path = Pods_MarvelApiClientTests.framework; sourceTree = BUILT_PRODUCTS_DIR; };
		832D9F0DA0189EE70B975696 /* Pods-MarvelApiClientTests.debug.xcconfig */ = {isa = PBXFileReference; includeInIndex = 1; lastKnownFileType = text.xcconfig; name = "Pods-MarvelApiClientTests.debug.xcconfig"; path = "Target Support Files/Pods-MarvelApiClientTests/Pods-MarvelApiClientTests.debug.xcconfig"; sourceTree = "<group>"; };
		8A1E20E4A84485544C1BB354 /* Pods_MarvelApiClient.framework */ = {isa = PBXFileReference; explicitFileType = wrapper.framework; includeInIndex = 0; path = Pods_MarvelApiClient.framework; sourceTree = BUILT_PRODUCTS_DIR; };
		A3E05EC4359913A3F222ADC6 /* Pods-MarvelApiClient.debug.xcconfig */ = {isa = PBXFileReference; includeInIndex = 1; lastKnownFileType = text.xcconfig; name = "Pods-MarvelApiClient.debug.xcconfig"; path = "Target Support Files/Pods-MarvelApiClient/Pods-MarvelApiClient.debug.xcconfig"; sourceTree = "<group>"; };
		C703660C24753DEA0005886F /* LandingViewController.swift */ = {isa = PBXFileReference; fileEncoding = 4; lastKnownFileType = sourcecode.swift; path = LandingViewController.swift; sourceTree = "<group>"; };
		C703660F24753DEA0005886F /* CharacterCell.xib */ = {isa = PBXFileReference; fileEncoding = 4; lastKnownFileType = file.xib; path = CharacterCell.xib; sourceTree = "<group>"; };
		C703661024753DEA0005886F /* CharacterCell.swift */ = {isa = PBXFileReference; fileEncoding = 4; lastKnownFileType = sourcecode.swift; path = CharacterCell.swift; sourceTree = "<group>"; };
		C703661124753DEA0005886F /* CharactersListViewController.swift */ = {isa = PBXFileReference; fileEncoding = 4; lastKnownFileType = sourcecode.swift; path = CharactersListViewController.swift; sourceTree = "<group>"; };
		C703661224753DEA0005886F /* GetCharactersListInteractor.swift */ = {isa = PBXFileReference; fileEncoding = 4; lastKnownFileType = sourcecode.swift; path = GetCharactersListInteractor.swift; sourceTree = "<group>"; };
		C703661324753DEA0005886F /* CharactersListCoordinator.swift */ = {isa = PBXFileReference; fileEncoding = 4; lastKnownFileType = sourcecode.swift; path = CharactersListCoordinator.swift; sourceTree = "<group>"; };
		C703661524753DEA0005886F /* CharacterDetailPresenter.swift */ = {isa = PBXFileReference; fileEncoding = 4; lastKnownFileType = sourcecode.swift; path = CharacterDetailPresenter.swift; sourceTree = "<group>"; };
		C703661624753DEA0005886F /* CharacterDetailViewController.swift */ = {isa = PBXFileReference; fileEncoding = 4; lastKnownFileType = sourcecode.swift; path = CharacterDetailViewController.swift; sourceTree = "<group>"; };
		C703661724753DEA0005886F /* CharacterDetailInteractor.swift */ = {isa = PBXFileReference; fileEncoding = 4; lastKnownFileType = sourcecode.swift; path = CharacterDetailInteractor.swift; sourceTree = "<group>"; };
		C703661824753DEA0005886F /* CharactersListPresenter.swift */ = {isa = PBXFileReference; fileEncoding = 4; lastKnownFileType = sourcecode.swift; path = CharactersListPresenter.swift; sourceTree = "<group>"; };
		C703662124753DEA0005886F /* LandingCoordinator.swift */ = {isa = PBXFileReference; fileEncoding = 4; lastKnownFileType = sourcecode.swift; path = LandingCoordinator.swift; sourceTree = "<group>"; };
		C703662224753DEA0005886F /* LandingPresenter.swift */ = {isa = PBXFileReference; fileEncoding = 4; lastKnownFileType = sourcecode.swift; path = LandingPresenter.swift; sourceTree = "<group>"; };
		C703662424753DEA0005886F /* OnboardingPresenter.swift */ = {isa = PBXFileReference; fileEncoding = 4; lastKnownFileType = sourcecode.swift; path = OnboardingPresenter.swift; sourceTree = "<group>"; };
		C703662524753DEA0005886F /* OnboardingViewController.swift */ = {isa = PBXFileReference; fileEncoding = 4; lastKnownFileType = sourcecode.swift; path = OnboardingViewController.swift; sourceTree = "<group>"; };
		C7036652247540350005886F /* DataStoreProtocol.swift */ = {isa = PBXFileReference; lastKnownFileType = sourcecode.swift; path = DataStoreProtocol.swift; sourceTree = "<group>"; };
		C703665924754D010005886F /* CharactersListPresenterTest.swift */ = {isa = PBXFileReference; lastKnownFileType = sourcecode.swift; path = CharactersListPresenterTest.swift; sourceTree = "<group>"; };
		C703665B24754D4B0005886F /* CharacterDetailPresenterTests.swift */ = {isa = PBXFileReference; fileEncoding = 4; lastKnownFileType = sourcecode.swift; path = CharacterDetailPresenterTests.swift; sourceTree = "<group>"; };
		C703665C24754D4B0005886F /* CharacterDetailInteractorTests.swift */ = {isa = PBXFileReference; fileEncoding = 4; lastKnownFileType = sourcecode.swift; path = CharacterDetailInteractorTests.swift; sourceTree = "<group>"; };
		C707B8AB24DC44D5006069A1 /* CharactersRepository.swift */ = {isa = PBXFileReference; lastKnownFileType = sourcecode.swift; path = CharactersRepository.swift; sourceTree = "<group>"; };
		C707B8AD24DC4507006069A1 /* DefaultCharactersRepository.swift */ = {isa = PBXFileReference; lastKnownFileType = sourcecode.swift; path = DefaultCharactersRepository.swift; sourceTree = "<group>"; };
		C707B8B124DC468C006069A1 /* CharactersRequestDTO.swift */ = {isa = PBXFileReference; fileEncoding = 4; lastKnownFileType = sourcecode.swift; path = CharactersRequestDTO.swift; sourceTree = "<group>"; };
		C707B8B424DC57A9006069A1 /* Character.swift */ = {isa = PBXFileReference; lastKnownFileType = sourcecode.swift; path = Character.swift; sourceTree = "<group>"; };
		C707B8B624DC58A5006069A1 /* CharactersQuery.swift */ = {isa = PBXFileReference; lastKnownFileType = sourcecode.swift; path = CharactersQuery.swift; sourceTree = "<group>"; };
		C707B8B824DDAC97006069A1 /* CharacterResult.swift */ = {isa = PBXFileReference; lastKnownFileType = sourcecode.swift; path = CharacterResult.swift; sourceTree = "<group>"; };
		C70873D32471F55500184DE0 /* superheros.png */ = {isa = PBXFileReference; lastKnownFileType = image.png; path = superheros.png; sourceTree = "<group>"; };
		C7096D712448E6C000DEE7D3 /* DeepLink.swift */ = {isa = PBXFileReference; lastKnownFileType = sourcecode.swift; path = DeepLink.swift; sourceTree = "<group>"; };
		C7096D762449C7C500DEE7D3 /* SceneDelegate.swift */ = {isa = PBXFileReference; lastKnownFileType = sourcecode.swift; path = SceneDelegate.swift; sourceTree = "<group>"; };
		C715DC2324D2DE1000DAC74A /* MockURLSession.swift */ = {isa = PBXFileReference; lastKnownFileType = sourcecode.swift; path = MockURLSession.swift; sourceTree = "<group>"; };
		C715DC2524D2DEB600DAC74A /* MockApiClient.swift */ = {isa = PBXFileReference; fileEncoding = 4; lastKnownFileType = sourcecode.swift; path = MockApiClient.swift; sourceTree = "<group>"; };
		C715DC2624D2DEB600DAC74A /* AppDependenciesDummy.swift */ = {isa = PBXFileReference; fileEncoding = 4; lastKnownFileType = sourcecode.swift; path = AppDependenciesDummy.swift; sourceTree = "<group>"; };
		C715DC2724D2DEB600DAC74A /* MockURLSessionDataTask.swift */ = {isa = PBXFileReference; fileEncoding = 4; lastKnownFileType = sourcecode.swift; path = MockURLSessionDataTask.swift; sourceTree = "<group>"; };
		C715DC2F24D30BD200DAC74A /* RestDependencies.swift */ = {isa = PBXFileReference; lastKnownFileType = sourcecode.swift; path = RestDependencies.swift; sourceTree = "<group>"; };
		C715DC3124D30C5D00DAC74A /* Factory.swift */ = {isa = PBXFileReference; lastKnownFileType = sourcecode.swift; path = Factory.swift; sourceTree = "<group>"; };
		C7169218244C99A5005BF4AB /* MockObjects.swift */ = {isa = PBXFileReference; lastKnownFileType = sourcecode.swift; path = MockObjects.swift; sourceTree = "<group>"; };
		C716921A244CD083005BF4AB /* MarvelApiClientTest.swift */ = {isa = PBXFileReference; lastKnownFileType = sourcecode.swift; path = MarvelApiClientTest.swift; sourceTree = "<group>"; };
		C7169228244DE062005BF4AB /* MarvelDTOs.swift */ = {isa = PBXFileReference; fileEncoding = 4; lastKnownFileType = sourcecode.swift; path = MarvelDTOs.swift; sourceTree = "<group>"; };
		C716923F244F0385005BF4AB /* MarvelError.swift */ = {isa = PBXFileReference; fileEncoding = 4; lastKnownFileType = sourcecode.swift; path = MarvelError.swift; sourceTree = "<group>"; };
		C71B79642476AA14002D5B09 /* MarvelApp.docx */ = {isa = PBXFileReference; lastKnownFileType = file; path = MarvelApp.docx; sourceTree = "<group>"; };
		C728C2AA246C375200F60806 /* AppDIContainer.swift */ = {isa = PBXFileReference; fileEncoding = 4; lastKnownFileType = sourcecode.swift; path = AppDIContainer.swift; sourceTree = "<group>"; };
		C72CF2B1247163B80048B0A2 /* AppSettings.swift */ = {isa = PBXFileReference; lastKnownFileType = sourcecode.swift; path = AppSettings.swift; sourceTree = "<group>"; };
		C72CF2B42471ED860048B0A2 /* .swiftlint.yml */ = {isa = PBXFileReference; fileEncoding = 4; lastKnownFileType = text.yaml; path = .swiftlint.yml; sourceTree = "<group>"; };
		C72CF2B52471ED860048B0A2 /* swiftlint.sh */ = {isa = PBXFileReference; fileEncoding = 4; lastKnownFileType = text.script.sh; path = swiftlint.sh; sourceTree = "<group>"; };
		C72CF2B62471ED860048B0A2 /* build_increment2.sh */ = {isa = PBXFileReference; fileEncoding = 4; lastKnownFileType = text.script.sh; path = build_increment2.sh; sourceTree = "<group>"; };
		C72CF2B72471ED860048B0A2 /* build_increment.sh */ = {isa = PBXFileReference; fileEncoding = 4; lastKnownFileType = text.script.sh; path = build_increment.sh; sourceTree = "<group>"; };
		C72CF2B82471ED860048B0A2 /* sitrep.sh */ = {isa = PBXFileReference; fileEncoding = 4; lastKnownFileType = text.script.sh; path = sitrep.sh; sourceTree = "<group>"; };
		C72CF3672471F1B40048B0A2 /* sitrep */ = {isa = PBXFileReference; lastKnownFileType = "compiled.mach-o.executable"; path = sitrep; sourceTree = "<group>"; };
		C72CF3692471F2160048B0A2 /* swiftlint */ = {isa = PBXFileReference; lastKnownFileType = "compiled.mach-o.executable"; path = swiftlint; sourceTree = "<group>"; };
		C7411A3924EAD441003D2B64 /* Rest */ = {isa = PBXFileReference; lastKnownFileType = folder; name = Rest; path = ../Rest; sourceTree = "<group>"; };
		C7483D3124C99EAA00651D49 /* MarvelApiConfig.swift */ = {isa = PBXFileReference; fileEncoding = 4; lastKnownFileType = sourcecode.swift; path = MarvelApiConfig.swift; sourceTree = "<group>"; };
		C7483D3324C99EAA00651D49 /* MarvelAPIClient.swift */ = {isa = PBXFileReference; fileEncoding = 4; lastKnownFileType = sourcecode.swift; path = MarvelAPIClient.swift; sourceTree = "<group>"; };
		C74963A02472DD53001B9A5E /* MockedResponseGetCharacters.json */ = {isa = PBXFileReference; fileEncoding = 4; lastKnownFileType = text.json; path = MockedResponseGetCharacters.json; sourceTree = "<group>"; };
		C74963A22472F731001B9A5E /* TestUtils.swift */ = {isa = PBXFileReference; lastKnownFileType = sourcecode.swift; path = TestUtils.swift; sourceTree = "<group>"; };
		C74963A82473C886001B9A5E /* CharactersListInteractorTests.swift */ = {isa = PBXFileReference; lastKnownFileType = sourcecode.swift; path = CharactersListInteractorTests.swift; sourceTree = "<group>"; };
		C74963AA2473C89A001B9A5E /* DataLayer.swift */ = {isa = PBXFileReference; lastKnownFileType = sourcecode.swift; path = DataLayer.swift; sourceTree = "<group>"; };
		C74963B224740277001B9A5E /* MockedResponseCharacterResultId1011334.json */ = {isa = PBXFileReference; fileEncoding = 4; lastKnownFileType = text.json; path = MockedResponseCharacterResultId1011334.json; sourceTree = "<group>"; };
		C76B29A3243A5F1B00793179 /* MarvelApiClientTests.xctest */ = {isa = PBXFileReference; explicitFileType = wrapper.cfbundle; includeInIndex = 0; path = MarvelApiClientTests.xctest; sourceTree = BUILT_PRODUCTS_DIR; };
		C76B29A5243A5F1B00793179 /* MarvelApiClientIntegrationTests.swift */ = {isa = PBXFileReference; lastKnownFileType = sourcecode.swift; path = MarvelApiClientIntegrationTests.swift; sourceTree = "<group>"; };
		C76B29A7243A5F1B00793179 /* Info.plist */ = {isa = PBXFileReference; lastKnownFileType = text.plist.xml; path = Info.plist; sourceTree = "<group>"; };
		C76B29AE243A639F00793179 /* sitrep.txt */ = {isa = PBXFileReference; fileEncoding = 4; lastKnownFileType = text; path = sitrep.txt; sourceTree = "<group>"; };
		C776993A24B31394003BE9BD /* CharacterCellPresentationModel.swift */ = {isa = PBXFileReference; lastKnownFileType = sourcecode.swift; path = CharacterCellPresentationModel.swift; sourceTree = "<group>"; };
		C776993C24B313BE003BE9BD /* Observable.swift */ = {isa = PBXFileReference; lastKnownFileType = sourcecode.swift; path = Observable.swift; sourceTree = "<group>"; };
		C7887B7C24C6196000EAEB1F /* UIViewController +  ErrorDialog.swift */ = {isa = PBXFileReference; lastKnownFileType = sourcecode.swift; path = "UIViewController +  ErrorDialog.swift"; sourceTree = "<group>"; };
		C7B5542A24EADD1D00A02AFE /* MarvelApiRequest.swift */ = {isa = PBXFileReference; fileEncoding = 4; lastKnownFileType = sourcecode.swift; path = MarvelApiRequest.swift; sourceTree = "<group>"; };
		C7B5542C24EAF3AB00A02AFE /* APIRequests.swift */ = {isa = PBXFileReference; lastKnownFileType = sourcecode.swift; path = APIRequests.swift; sourceTree = "<group>"; };
		C7BE8B8824AF5F0D00B8A569 /* CharactersListViewControllerTests.swift */ = {isa = PBXFileReference; lastKnownFileType = sourcecode.swift; path = CharactersListViewControllerTests.swift; sourceTree = "<group>"; };
		C7BE8B8A24AF603400B8A569 /* CharactersListProtocols.swift */ = {isa = PBXFileReference; lastKnownFileType = sourcecode.swift; path = CharactersListProtocols.swift; sourceTree = "<group>"; };
		C7D3F03F243B770F004E4C0E /* Coordinator.swift */ = {isa = PBXFileReference; lastKnownFileType = sourcecode.swift; path = Coordinator.swift; sourceTree = "<group>"; };
		C7E02811243FD4DB00888249 /* AppCoordinator.swift */ = {isa = PBXFileReference; fileEncoding = 4; lastKnownFileType = sourcecode.swift; path = AppCoordinator.swift; sourceTree = "<group>"; };
		C7EC67042440D7CE00F88FDE /* Podfile */ = {isa = PBXFileReference; fileEncoding = 4; lastKnownFileType = text; path = Podfile; sourceTree = "<group>"; xcLanguageSpecificationIdentifier = xcode.lang.ruby; };
		C7EC67072440DFDB00F88FDE /* Podfile.lock */ = {isa = PBXFileReference; fileEncoding = 4; lastKnownFileType = text; path = Podfile.lock; sourceTree = "<group>"; };
		C7EC670C24435E3C00F88FDE /* UserDefaultsDataStore.swift */ = {isa = PBXFileReference; lastKnownFileType = sourcecode.swift; path = UserDefaultsDataStore.swift; sourceTree = "<group>"; };
		FBEAB5C3E0AA40D892C42941 /* Pods-MarvelApiClientTests.release.xcconfig */ = {isa = PBXFileReference; includeInIndex = 1; lastKnownFileType = text.xcconfig; name = "Pods-MarvelApiClientTests.release.xcconfig"; path = "Target Support Files/Pods-MarvelApiClientTests/Pods-MarvelApiClientTests.release.xcconfig"; sourceTree = "<group>"; };
/* End PBXFileReference section */

/* Begin PBXFrameworksBuildPhase section */
		287C9A03217F39CB00D63092 /* Frameworks */ = {
			isa = PBXFrameworksBuildPhase;
			buildActionMask = 2147483647;
			files = (
				6713D79A83C952EAF643E4EA /* Pods_MarvelApiClient.framework in Frameworks */,
				C7411A3B24EAD451003D2B64 /* Rest in Frameworks */,
				C7A4D7D024EAC60A007D1DA6 /* AlamofireImage in Frameworks */,
			);
			runOnlyForDeploymentPostprocessing = 0;
		};
		C76B29A0243A5F1B00793179 /* Frameworks */ = {
			isa = PBXFrameworksBuildPhase;
			buildActionMask = 2147483647;
			files = (
				1E95B2B823C2D0EC79CBA5C3 /* Pods_MarvelApiClientTests.framework in Frameworks */,
			);
			runOnlyForDeploymentPostprocessing = 0;
		};
/* End PBXFrameworksBuildPhase section */

/* Begin PBXGroup section */
		287C99FD217F39CB00D63092 = {
			isa = PBXGroup;
			children = (
				C7411A3924EAD441003D2B64 /* Rest */,
				C71B79642476AA14002D5B09 /* MarvelApp.docx */,
				2851229221832BB9009D4AB0 /* Readme.md */,
				287C9A08217F39CB00D63092 /* MarvelApiClient */,
				C76B29A4243A5F1B00793179 /* MarvelApiClientTests */,
				C72CF2B32471ED860048B0A2 /* Scripts */,
				C7EC67072440DFDB00F88FDE /* Podfile.lock */,
				C7EC67042440D7CE00F88FDE /* Podfile */,
				C76B29AE243A639F00793179 /* sitrep.txt */,
				287C9A07217F39CB00D63092 /* Products */,
				B86FBFCF86B3E5EE17863D52 /* Pods */,
				CC76F5C8B9FF30D1882ACCDD /* Frameworks */,
			);
			sourceTree = "<group>";
		};
		287C9A07217F39CB00D63092 /* Products */ = {
			isa = PBXGroup;
			children = (
				287C9A06217F39CB00D63092 /* MarvelApiClient.app */,
				C76B29A3243A5F1B00793179 /* MarvelApiClientTests.xctest */,
			);
			name = Products;
			sourceTree = "<group>";
		};
		287C9A08217F39CB00D63092 /* MarvelApiClient */ = {
			isa = PBXGroup;
			children = (
				C703660A24753DEA0005886F /* Presentation Layer */,
				C707B8A824DC445D006069A1 /* Domain Layer */,
				C707B8A624DC42F8006069A1 /* Data Layer */,
				C71B84BB24EE8C7900054F2F /* External Interface Layer */,
				C70365E4247535C60005886F /* Architecture */,
				28998EB9217F636A0037039B /* Utils */,
				28998EBE217F636A0037039B /* Models */,
				C70873D22471F54800184DE0 /* Resources */,
				287C9A09217F39CB00D63092 /* AppDelegate.swift */,
				C7096D762449C7C500DEE7D3 /* SceneDelegate.swift */,
				287C9A12217F39CC00D63092 /* LaunchScreen.storyboard */,
				287C9A15217F39CC00D63092 /* Info.plist */,
				C7887B7C24C6196000EAEB1F /* UIViewController +  ErrorDialog.swift */,
			);
			path = MarvelApiClient;
			sourceTree = "<group>";
		};
		28998EB9217F636A0037039B /* Utils */ = {
			isa = PBXGroup;
			children = (
				285122802181E3E5009D4AB0 /* Extensions.swift */,
			);
			path = Utils;
			sourceTree = "<group>";
		};
		28998EBE217F636A0037039B /* Models */ = {
			isa = PBXGroup;
			children = (
				C716923F244F0385005BF4AB /* MarvelError.swift */,
			);
			path = Models;
			sourceTree = "<group>";
		};
		B86FBFCF86B3E5EE17863D52 /* Pods */ = {
			isa = PBXGroup;
			children = (
				A3E05EC4359913A3F222ADC6 /* Pods-MarvelApiClient.debug.xcconfig */,
				2BCEED2DB2E5F5A3838DCFEB /* Pods-MarvelApiClient.release.xcconfig */,
				832D9F0DA0189EE70B975696 /* Pods-MarvelApiClientTests.debug.xcconfig */,
				FBEAB5C3E0AA40D892C42941 /* Pods-MarvelApiClientTests.release.xcconfig */,
			);
			path = Pods;
			sourceTree = "<group>";
		};
		C70365E4247535C60005886F /* Architecture */ = {
			isa = PBXGroup;
			children = (
				C715DC2D24D30B3000DAC74A /* UIDataBinding */,
				C715DC2C24D30B1A00DAC74A /* Routing */,
				C715DC2B24D30AF500DAC74A /* DIContainer */,
				C7096D712448E6C000DEE7D3 /* DeepLink.swift */,
			);
			path = Architecture;
			sourceTree = "<group>";
		};
		C703660A24753DEA0005886F /* Presentation Layer */ = {
			isa = PBXGroup;
			children = (
				C703660B24753DEA0005886F /* Landing */,
				C703662324753DEA0005886F /* Onboarding */,
			);
			path = "Presentation Layer";
			sourceTree = "<group>";
		};
		C703660B24753DEA0005886F /* Landing */ = {
			isa = PBXGroup;
			children = (
				C703660C24753DEA0005886F /* LandingViewController.swift */,
				C703662124753DEA0005886F /* LandingCoordinator.swift */,
				C703662224753DEA0005886F /* LandingPresenter.swift */,
				C703660D24753DEA0005886F /* CaractersList */,
			);
			path = Landing;
			sourceTree = "<group>";
		};
		C703660D24753DEA0005886F /* CaractersList */ = {
			isa = PBXGroup;
			children = (
				C7BE8B8A24AF603400B8A569 /* CharactersListProtocols.swift */,
				C703661124753DEA0005886F /* CharactersListViewController.swift */,
				C703661224753DEA0005886F /* GetCharactersListInteractor.swift */,
				C703661324753DEA0005886F /* CharactersListCoordinator.swift */,
				C703661824753DEA0005886F /* CharactersListPresenter.swift */,
				C703660E24753DEA0005886F /* CharacterCell */,
				C703661424753DEA0005886F /* CharacterDetail */,
			);
			path = CaractersList;
			sourceTree = "<group>";
		};
		C703660E24753DEA0005886F /* CharacterCell */ = {
			isa = PBXGroup;
			children = (
				C703660F24753DEA0005886F /* CharacterCell.xib */,
				C703661024753DEA0005886F /* CharacterCell.swift */,
				C776993A24B31394003BE9BD /* CharacterCellPresentationModel.swift */,
			);
			path = CharacterCell;
			sourceTree = "<group>";
		};
		C703661424753DEA0005886F /* CharacterDetail */ = {
			isa = PBXGroup;
			children = (
				C703661524753DEA0005886F /* CharacterDetailPresenter.swift */,
				C703661624753DEA0005886F /* CharacterDetailViewController.swift */,
				C703661724753DEA0005886F /* CharacterDetailInteractor.swift */,
			);
			path = CharacterDetail;
			sourceTree = "<group>";
		};
		C703662324753DEA0005886F /* Onboarding */ = {
			isa = PBXGroup;
			children = (
				C703662424753DEA0005886F /* OnboardingPresenter.swift */,
				C703662524753DEA0005886F /* OnboardingViewController.swift */,
			);
			path = Onboarding;
			sourceTree = "<group>";
		};
		C7036651247540110005886F /* Interfaces */ = {
			isa = PBXGroup;
			children = (
				C7036652247540350005886F /* DataStoreProtocol.swift */,
			);
			path = Interfaces;
			sourceTree = "<group>";
		};
		C703665624754ACF0005886F /* Scenes */ = {
			isa = PBXGroup;
			children = (
				C703665824754AFE0005886F /* CharactersList */,
				C703665724754AE90005886F /* CharacterDetail */,
				C74963AC2473D0E2001B9A5E /* MockData */,
			);
			path = Scenes;
			sourceTree = "<group>";
		};
		C703665724754AE90005886F /* CharacterDetail */ = {
			isa = PBXGroup;
			children = (
				C703665C24754D4B0005886F /* CharacterDetailInteractorTests.swift */,
				C703665B24754D4B0005886F /* CharacterDetailPresenterTests.swift */,
			);
			path = CharacterDetail;
			sourceTree = "<group>";
		};
		C703665824754AFE0005886F /* CharactersList */ = {
			isa = PBXGroup;
			children = (
				C74963A82473C886001B9A5E /* CharactersListInteractorTests.swift */,
				C703665924754D010005886F /* CharactersListPresenterTest.swift */,
				C7BE8B8824AF5F0D00B8A569 /* CharactersListViewControllerTests.swift */,
			);
			path = CharactersList;
			sourceTree = "<group>";
		};
		C707B8A624DC42F8006069A1 /* Data Layer */ = {
			isa = PBXGroup;
			children = (
				C707B8A724DC4302006069A1 /* Repositories */,
			);
			path = "Data Layer";
			sourceTree = "<group>";
		};
		C707B8A724DC4302006069A1 /* Repositories */ = {
			isa = PBXGroup;
			children = (
				C707B8AD24DC4507006069A1 /* DefaultCharactersRepository.swift */,
			);
			path = Repositories;
			sourceTree = "<group>";
		};
		C707B8A824DC445D006069A1 /* Domain Layer */ = {
			isa = PBXGroup;
			children = (
				C707B8B324DC5762006069A1 /* Entities */,
				C707B8A924DC4480006069A1 /* Interfaces */,
			);
			path = "Domain Layer";
			sourceTree = "<group>";
		};
		C707B8A924DC4480006069A1 /* Interfaces */ = {
			isa = PBXGroup;
			children = (
				C707B8AA24DC44A0006069A1 /* Repositories */,
			);
			path = Interfaces;
			sourceTree = "<group>";
		};
		C707B8AA24DC44A0006069A1 /* Repositories */ = {
			isa = PBXGroup;
			children = (
				C707B8AB24DC44D5006069A1 /* CharactersRepository.swift */,
			);
			path = Repositories;
			sourceTree = "<group>";
		};
		C707B8AF24DC466F006069A1 /* Network */ = {
			isa = PBXGroup;
			children = (
				C7B5542C24EAF3AB00A02AFE /* APIRequests.swift */,
				C7483D3324C99EAA00651D49 /* MarvelAPIClient.swift */,
				C7B5542A24EADD1D00A02AFE /* MarvelApiRequest.swift */,
				C707B8B024DC4677006069A1 /* DTOs */,
			);
			path = Network;
			sourceTree = "<group>";
		};
		C707B8B024DC4677006069A1 /* DTOs */ = {
			isa = PBXGroup;
			children = (
				C7169228244DE062005BF4AB /* MarvelDTOs.swift */,
				C707B8B124DC468C006069A1 /* CharactersRequestDTO.swift */,
				C707B8B824DDAC97006069A1 /* CharacterResult.swift */,
			);
			path = DTOs;
			sourceTree = "<group>";
		};
		C707B8B324DC5762006069A1 /* Entities */ = {
			isa = PBXGroup;
			children = (
				C707B8B424DC57A9006069A1 /* Character.swift */,
				C707B8B624DC58A5006069A1 /* CharactersQuery.swift */,
			);
			path = Entities;
			sourceTree = "<group>";
		};
		C70873D22471F54800184DE0 /* Resources */ = {
			isa = PBXGroup;
			children = (
				287C9A10217F39CC00D63092 /* Assets.xcassets */,
				C70873D32471F55500184DE0 /* superheros.png */,
				287C9A0D217F39CB00D63092 /* Main.storyboard */,
				28512296218337E2009D4AB0 /* amour-1.jpg */,
			);
			path = Resources;
			sourceTree = "<group>";
		};
		C715DC2B24D30AF500DAC74A /* DIContainer */ = {
			isa = PBXGroup;
			children = (
				C7483D3124C99EAA00651D49 /* MarvelApiConfig.swift */,
				C715DC2E24D30BC500DAC74A /* RestDependencies */,
				C715DC3424D312B700DAC74A /* AppDIContainer */,
			);
			path = DIContainer;
			sourceTree = "<group>";
		};
		C715DC2C24D30B1A00DAC74A /* Routing */ = {
			isa = PBXGroup;
			children = (
				C7E02811243FD4DB00888249 /* AppCoordinator.swift */,
				C7D3F03F243B770F004E4C0E /* Coordinator.swift */,
			);
			path = Routing;
			sourceTree = "<group>";
		};
		C715DC2D24D30B3000DAC74A /* UIDataBinding */ = {
			isa = PBXGroup;
			children = (
				C776993C24B313BE003BE9BD /* Observable.swift */,
			);
			path = UIDataBinding;
			sourceTree = "<group>";
		};
		C715DC2E24D30BC500DAC74A /* RestDependencies */ = {
			isa = PBXGroup;
			children = (
				C715DC2F24D30BD200DAC74A /* RestDependencies.swift */,
			);
			path = RestDependencies;
			sourceTree = "<group>";
		};
		C715DC3424D312B700DAC74A /* AppDIContainer */ = {
			isa = PBXGroup;
			children = (
				C728C2AA246C375200F60806 /* AppDIContainer.swift */,
				C715DC3124D30C5D00DAC74A /* Factory.swift */,
			);
			path = AppDIContainer;
			sourceTree = "<group>";
		};
		C71B84BB24EE8C7900054F2F /* External Interface Layer */ = {
			isa = PBXGroup;
			children = (
				C7EC670E2443688400F88FDE /* PersistentStorage */,
				C707B8AF24DC466F006069A1 /* Network */,
			);
			path = "External Interface Layer";
			sourceTree = "<group>";
		};
		C72CF2B32471ED860048B0A2 /* Scripts */ = {
			isa = PBXGroup;
			children = (
				C72CF2B52471ED860048B0A2 /* swiftlint.sh */,
				C72CF2B42471ED860048B0A2 /* .swiftlint.yml */,
				C72CF2B62471ED860048B0A2 /* build_increment2.sh */,
				C72CF2B72471ED860048B0A2 /* build_increment.sh */,
				C72CF2B82471ED860048B0A2 /* sitrep.sh */,
				C72CF3672471F1B40048B0A2 /* sitrep */,
				C72CF3692471F2160048B0A2 /* swiftlint */,
			);
			path = Scripts;
			sourceTree = "<group>";
		};
		C74963A72473C82E001B9A5E /* Services */ = {
			isa = PBXGroup;
			children = (
				C74963AA2473C89A001B9A5E /* DataLayer.swift */,
				C74963AD2473D124001B9A5E /* MarvelApi */,
			);
			path = Services;
			sourceTree = "<group>";
		};
		C74963AC2473D0E2001B9A5E /* MockData */ = {
			isa = PBXGroup;
			children = (
				C715DC2524D2DEB600DAC74A /* MockApiClient.swift */,
				C715DC2724D2DEB600DAC74A /* MockURLSessionDataTask.swift */,
				C715DC2624D2DEB600DAC74A /* AppDependenciesDummy.swift */,
				C7169218244C99A5005BF4AB /* MockObjects.swift */,
				C74963B224740277001B9A5E /* MockedResponseCharacterResultId1011334.json */,
				C74963A02472DD53001B9A5E /* MockedResponseGetCharacters.json */,
				C715DC2324D2DE1000DAC74A /* MockURLSession.swift */,
			);
			path = MockData;
			sourceTree = "<group>";
		};
		C74963AD2473D124001B9A5E /* MarvelApi */ = {
			isa = PBXGroup;
			children = (
				C76B29A5243A5F1B00793179 /* MarvelApiClientIntegrationTests.swift */,
				C716921A244CD083005BF4AB /* MarvelApiClientTest.swift */,
			);
			path = MarvelApi;
			sourceTree = "<group>";
		};
		C76B29A4243A5F1B00793179 /* MarvelApiClientTests */ = {
			isa = PBXGroup;
			children = (
				C7887B7B24C617F700EAEB1F /* Integration */,
				C703665624754ACF0005886F /* Scenes */,
				C74963A22472F731001B9A5E /* TestUtils.swift */,
				C74963A72473C82E001B9A5E /* Services */,
				C76B29A7243A5F1B00793179 /* Info.plist */,
			);
			path = MarvelApiClientTests;
			sourceTree = "<group>";
		};
		C7887B7B24C617F700EAEB1F /* Integration */ = {
			isa = PBXGroup;
			children = (
			);
			path = Integration;
			sourceTree = "<group>";
		};
		C7EC670E2443688400F88FDE /* PersistentStorage */ = {
			isa = PBXGroup;
			children = (
				C7036651247540110005886F /* Interfaces */,
				C7EC670C24435E3C00F88FDE /* UserDefaultsDataStore.swift */,
				C72CF2B1247163B80048B0A2 /* AppSettings.swift */,
			);
			path = PersistentStorage;
			sourceTree = "<group>";
		};
		CC76F5C8B9FF30D1882ACCDD /* Frameworks */ = {
			isa = PBXGroup;
			children = (
				8A1E20E4A84485544C1BB354 /* Pods_MarvelApiClient.framework */,
				58B28587A4ECC64C455DD520 /* Pods_MarvelApiClientTests.framework */,
			);
			name = Frameworks;
			sourceTree = "<group>";
		};
/* End PBXGroup section */

/* Begin PBXNativeTarget section */
		287C9A05217F39CB00D63092 /* MarvelApiClient */ = {
			isa = PBXNativeTarget;
			buildConfigurationList = 287C9A18217F39CC00D63092 /* Build configuration list for PBXNativeTarget "MarvelApiClient" */;
			buildPhases = (
				B1232FC267AD162F8E283CF2 /* [CP] Check Pods Manifest.lock */,
				C7EC67062440D7F800F88FDE /* R.swift */,
				287C9A02217F39CB00D63092 /* Sources */,
				287C9A03217F39CB00D63092 /* Frameworks */,
				287C9A04217F39CB00D63092 /* Resources */,
				C7E37BE62438F84C0096F2E9 /* SwiftLint */,
				C7E37BE8243904A70096F2E9 /* SitRep */,
				C7E37BE924390DC60096F2E9 /* Increment Build Number */,
			);
			buildRules = (
			);
			dependencies = (
			);
			name = MarvelApiClient;
			packageProductDependencies = (
				C7A4D7CF24EAC60A007D1DA6 /* AlamofireImage */,
				C7411A3A24EAD451003D2B64 /* Rest */,
			);
			productName = ApiLayer;
			productReference = 287C9A06217F39CB00D63092 /* MarvelApiClient.app */;
			productType = "com.apple.product-type.application";
		};
		C76B29A2243A5F1B00793179 /* MarvelApiClientTests */ = {
			isa = PBXNativeTarget;
			buildConfigurationList = C76B29AA243A5F1B00793179 /* Build configuration list for PBXNativeTarget "MarvelApiClientTests" */;
			buildPhases = (
				DA79FDFB42902AD8E583A958 /* [CP] Check Pods Manifest.lock */,
				C76B299F243A5F1B00793179 /* Sources */,
				C76B29A0243A5F1B00793179 /* Frameworks */,
				C76B29A1243A5F1B00793179 /* Resources */,
			);
			buildRules = (
			);
			dependencies = (
				C76B29A9243A5F1B00793179 /* PBXTargetDependency */,
			);
			name = MarvelApiClientTests;
			productName = ApiLayerTests;
			productReference = C76B29A3243A5F1B00793179 /* MarvelApiClientTests.xctest */;
			productType = "com.apple.product-type.bundle.unit-test";
		};
/* End PBXNativeTarget section */

/* Begin PBXProject section */
		287C99FE217F39CB00D63092 /* Project object */ = {
			isa = PBXProject;
			attributes = {
				LastSwiftUpdateCheck = 1200;
				LastUpgradeCheck = 1000;
				ORGANIZATIONNAME = "BELLU Franco";
				TargetAttributes = {
					287C9A05217F39CB00D63092 = {
						CreatedOnToolsVersion = 10.0;
						LastSwiftMigration = 1140;
					};
					C76B29A2243A5F1B00793179 = {
						CreatedOnToolsVersion = 11.4;
						TestTargetID = 287C9A05217F39CB00D63092;
					};
				};
			};
			buildConfigurationList = 287C9A01217F39CB00D63092 /* Build configuration list for PBXProject "MarvelApiClient" */;
			compatibilityVersion = "Xcode 9.3";
			developmentRegion = en;
			hasScannedForEncodings = 0;
			knownRegions = (
				en,
				Base,
			);
			mainGroup = 287C99FD217F39CB00D63092;
			packageReferences = (
				C7A4D7CC24EAC530007D1DA6 /* XCRemoteSwiftPackageReference "AlamofireImage" */,
			);
			productRefGroup = 287C9A07217F39CB00D63092 /* Products */;
			projectDirPath = "";
			projectRoot = "";
			targets = (
				287C9A05217F39CB00D63092 /* MarvelApiClient */,
				C76B29A2243A5F1B00793179 /* MarvelApiClientTests */,
			);
		};
/* End PBXProject section */

/* Begin PBXResourcesBuildPhase section */
		287C9A04217F39CB00D63092 /* Resources */ = {
			isa = PBXResourcesBuildPhase;
			buildActionMask = 2147483647;
			files = (
				C71B79652476AA14002D5B09 /* MarvelApp.docx in Resources */,
				C72CF2BA2471ED860048B0A2 /* swiftlint.sh in Resources */,
				287C9A14217F39CC00D63092 /* LaunchScreen.storyboard in Resources */,
				287C9A11217F39CC00D63092 /* Assets.xcassets in Resources */,
				C72CF2BD2471ED860048B0A2 /* sitrep.sh in Resources */,
				C72CF2BB2471ED860048B0A2 /* build_increment2.sh in Resources */,
				28512297218337E2009D4AB0 /* amour-1.jpg in Resources */,
				C703663A24753DEB0005886F /* CharacterCell.xib in Resources */,
				C72CF36A2471F2170048B0A2 /* swiftlint in Resources */,
				C72CF2BC2471ED860048B0A2 /* build_increment.sh in Resources */,
				287C9A0F217F39CB00D63092 /* Main.storyboard in Resources */,
				C72CF2B92471ED860048B0A2 /* .swiftlint.yml in Resources */,
				C72CF3682471F1B40048B0A2 /* sitrep in Resources */,
				C71B79632476A31D002D5B09 /* superheros.png in Resources */,
			);
			runOnlyForDeploymentPostprocessing = 0;
		};
		C76B29A1243A5F1B00793179 /* Resources */ = {
			isa = PBXResourcesBuildPhase;
			buildActionMask = 2147483647;
			files = (
				C74963A12472DD53001B9A5E /* MockedResponseGetCharacters.json in Resources */,
				C74963B324740277001B9A5E /* MockedResponseCharacterResultId1011334.json in Resources */,
			);
			runOnlyForDeploymentPostprocessing = 0;
		};
/* End PBXResourcesBuildPhase section */

/* Begin PBXShellScriptBuildPhase section */
		B1232FC267AD162F8E283CF2 /* [CP] Check Pods Manifest.lock */ = {
			isa = PBXShellScriptBuildPhase;
			buildActionMask = 2147483647;
			files = (
			);
			inputFileListPaths = (
			);
			inputPaths = (
				"${PODS_PODFILE_DIR_PATH}/Podfile.lock",
				"${PODS_ROOT}/Manifest.lock",
			);
			name = "[CP] Check Pods Manifest.lock";
			outputFileListPaths = (
			);
			outputPaths = (
				"$(DERIVED_FILE_DIR)/Pods-MarvelApiClient-checkManifestLockResult.txt",
			);
			runOnlyForDeploymentPostprocessing = 0;
			shellPath = /bin/sh;
			shellScript = "diff \"${PODS_PODFILE_DIR_PATH}/Podfile.lock\" \"${PODS_ROOT}/Manifest.lock\" > /dev/null\nif [ $? != 0 ] ; then\n    # print error to STDERR\n    echo \"error: The sandbox is not in sync with the Podfile.lock. Run 'pod install' or update your CocoaPods installation.\" >&2\n    exit 1\nfi\n# This output is used by Xcode 'outputs' to avoid re-running this script phase.\necho \"SUCCESS\" > \"${SCRIPT_OUTPUT_FILE_0}\"\n";
			showEnvVarsInLog = 0;
		};
		C7E37BE62438F84C0096F2E9 /* SwiftLint */ = {
			isa = PBXShellScriptBuildPhase;
			buildActionMask = 2147483647;
			files = (
			);
			inputFileListPaths = (
			);
			inputPaths = (
			);
			name = SwiftLint;
			outputFileListPaths = (
			);
			outputPaths = (
			);
			runOnlyForDeploymentPostprocessing = 0;
			shellPath = /bin/sh;
			shellScript = "\"${PROJECT_DIR}/Scripts/swiftlint.sh\"\n";
		};
		C7E37BE8243904A70096F2E9 /* SitRep */ = {
			isa = PBXShellScriptBuildPhase;
			buildActionMask = 2147483647;
			files = (
			);
			inputFileListPaths = (
			);
			inputPaths = (
			);
			name = SitRep;
			outputFileListPaths = (
			);
			outputPaths = (
			);
			runOnlyForDeploymentPostprocessing = 0;
			shellPath = /bin/sh;
			shellScript = "#\"${PROJECT_DIR}/Scripts/sitrep.sh\" \n";
		};
		C7E37BE924390DC60096F2E9 /* Increment Build Number */ = {
			isa = PBXShellScriptBuildPhase;
			buildActionMask = 2147483647;
			files = (
			);
			inputFileListPaths = (
			);
			inputPaths = (
			);
			name = "Increment Build Number";
			outputFileListPaths = (
			);
			outputPaths = (
			);
			runOnlyForDeploymentPostprocessing = 0;
			shellPath = /bin/sh;
			shellScript = "\"${PROJECT_DIR}/Scripts/build_increment.sh\"\n";
		};
		C7EC67062440D7F800F88FDE /* R.swift */ = {
			isa = PBXShellScriptBuildPhase;
			buildActionMask = 2147483647;
			files = (
			);
			inputFileListPaths = (
			);
			inputPaths = (
				"$TEMP_DIR/rswift-lastrun",
			);
			name = R.swift;
			outputFileListPaths = (
			);
			outputPaths = (
				$SRCROOT/R.generated.swift,
			);
			runOnlyForDeploymentPostprocessing = 0;
			shellPath = /bin/sh;
			shellScript = "#\"$PODS_ROOT/R.swift/rswift\" generate \"$SRCROOT/R.generated.swift\"\necho \"executing script\"\n";
		};
		DA79FDFB42902AD8E583A958 /* [CP] Check Pods Manifest.lock */ = {
			isa = PBXShellScriptBuildPhase;
			buildActionMask = 2147483647;
			files = (
			);
			inputFileListPaths = (
			);
			inputPaths = (
				"${PODS_PODFILE_DIR_PATH}/Podfile.lock",
				"${PODS_ROOT}/Manifest.lock",
			);
			name = "[CP] Check Pods Manifest.lock";
			outputFileListPaths = (
			);
			outputPaths = (
				"$(DERIVED_FILE_DIR)/Pods-MarvelApiClientTests-checkManifestLockResult.txt",
			);
			runOnlyForDeploymentPostprocessing = 0;
			shellPath = /bin/sh;
			shellScript = "diff \"${PODS_PODFILE_DIR_PATH}/Podfile.lock\" \"${PODS_ROOT}/Manifest.lock\" > /dev/null\nif [ $? != 0 ] ; then\n    # print error to STDERR\n    echo \"error: The sandbox is not in sync with the Podfile.lock. Run 'pod install' or update your CocoaPods installation.\" >&2\n    exit 1\nfi\n# This output is used by Xcode 'outputs' to avoid re-running this script phase.\necho \"SUCCESS\" > \"${SCRIPT_OUTPUT_FILE_0}\"\n";
			showEnvVarsInLog = 0;
		};
/* End PBXShellScriptBuildPhase section */

/* Begin PBXSourcesBuildPhase section */
		287C9A02217F39CB00D63092 /* Sources */ = {
			isa = PBXSourcesBuildPhase;
			buildActionMask = 2147483647;
			files = (
				C776993D24B313BE003BE9BD /* Observable.swift in Sources */,
				C7E02812243FD4DB00888249 /* AppCoordinator.swift in Sources */,
				C7B5542B24EADD1D00A02AFE /* MarvelApiRequest.swift in Sources */,
				C72CF2B2247163B80048B0A2 /* AppSettings.swift in Sources */,
				C703663D24753DEB0005886F /* GetCharactersListInteractor.swift in Sources */,
				C703663E24753DEB0005886F /* CharactersListCoordinator.swift in Sources */,
				C7BE8B8B24AF603400B8A569 /* CharactersListProtocols.swift in Sources */,
				C703664B24753DEB0005886F /* OnboardingViewController.swift in Sources */,
				C707B8B224DC468C006069A1 /* CharactersRequestDTO.swift in Sources */,
				C7483D3624C99EAB00651D49 /* MarvelAPIClient.swift in Sources */,
				C7096D722448E6C000DEE7D3 /* DeepLink.swift in Sources */,
				C7169240244F0385005BF4AB /* MarvelError.swift in Sources */,
				C703663924753DEB0005886F /* LandingViewController.swift in Sources */,
				C707B8B524DC57A9006069A1 /* Character.swift in Sources */,
				287C9A0A217F39CB00D63092 /* AppDelegate.swift in Sources */,
				C703664124753DEB0005886F /* CharacterDetailInteractor.swift in Sources */,
				C776993B24B31394003BE9BD /* CharacterCellPresentationModel.swift in Sources */,
				C703663F24753DEB0005886F /* CharacterDetailPresenter.swift in Sources */,
				C7EC670D24435E3C00F88FDE /* UserDefaultsDataStore.swift in Sources */,
				C703663B24753DEB0005886F /* CharacterCell.swift in Sources */,
				C728C2AB246C375300F60806 /* AppDIContainer.swift in Sources */,
				C707B8AC24DC44D5006069A1 /* CharactersRepository.swift in Sources */,
				C715DC3224D30C5D00DAC74A /* Factory.swift in Sources */,
				C703664924753DEB0005886F /* LandingPresenter.swift in Sources */,
				C707B8B924DDAC97006069A1 /* CharacterResult.swift in Sources */,
				C7169232244DE062005BF4AB /* MarvelDTOs.swift in Sources */,
				C703664A24753DEB0005886F /* OnboardingPresenter.swift in Sources */,
				C703663C24753DEB0005886F /* CharactersListViewController.swift in Sources */,
				C7B5542D24EAF3AB00A02AFE /* APIRequests.swift in Sources */,
				C707B8B724DC58A5006069A1 /* CharactersQuery.swift in Sources */,
				C707B8AE24DC4507006069A1 /* DefaultCharactersRepository.swift in Sources */,
				C7D3F040243B770F004E4C0E /* Coordinator.swift in Sources */,
				C715DC3024D30BD200DAC74A /* RestDependencies.swift in Sources */,
				285122812181E3E5009D4AB0 /* Extensions.swift in Sources */,
				C7096D772449C7C500DEE7D3 /* SceneDelegate.swift in Sources */,
				C7483D3424C99EAB00651D49 /* MarvelApiConfig.swift in Sources */,
				C703664224753DEB0005886F /* CharactersListPresenter.swift in Sources */,
				C703664824753DEB0005886F /* LandingCoordinator.swift in Sources */,
				C7887B7D24C6196000EAEB1F /* UIViewController +  ErrorDialog.swift in Sources */,
				C7036653247540350005886F /* DataStoreProtocol.swift in Sources */,
				C703664024753DEB0005886F /* CharacterDetailViewController.swift in Sources */,
			);
			runOnlyForDeploymentPostprocessing = 0;
		};
		C76B299F243A5F1B00793179 /* Sources */ = {
			isa = PBXSourcesBuildPhase;
			buildActionMask = 2147483647;
			files = (
				C7BE8B8924AF5F0D00B8A569 /* CharactersListViewControllerTests.swift in Sources */,
				C715DC2924D2DEB600DAC74A /* AppDependenciesDummy.swift in Sources */,
				C716921B244CD083005BF4AB /* MarvelApiClientTest.swift in Sources */,
				C703665D24754D4B0005886F /* CharacterDetailPresenterTests.swift in Sources */,
				C74963AB2473C89A001B9A5E /* DataLayer.swift in Sources */,
				C74963A32472F731001B9A5E /* TestUtils.swift in Sources */,
				C7169219244C99A5005BF4AB /* MockObjects.swift in Sources */,
				C74963A92473C886001B9A5E /* CharactersListInteractorTests.swift in Sources */,
				C76B29A6243A5F1B00793179 /* MarvelApiClientIntegrationTests.swift in Sources */,
				C703665A24754D010005886F /* CharactersListPresenterTest.swift in Sources */,
				C715DC2824D2DEB600DAC74A /* MockApiClient.swift in Sources */,
				C715DC2424D2DE1000DAC74A /* MockURLSession.swift in Sources */,
				C715DC2A24D2DEB600DAC74A /* MockURLSessionDataTask.swift in Sources */,
				C703665E24754D4B0005886F /* CharacterDetailInteractorTests.swift in Sources */,
			);
			runOnlyForDeploymentPostprocessing = 0;
		};
/* End PBXSourcesBuildPhase section */

/* Begin PBXTargetDependency section */
		C76B29A9243A5F1B00793179 /* PBXTargetDependency */ = {
			isa = PBXTargetDependency;
			target = 287C9A05217F39CB00D63092 /* MarvelApiClient */;
			targetProxy = C76B29A8243A5F1B00793179 /* PBXContainerItemProxy */;
		};
/* End PBXTargetDependency section */

/* Begin PBXVariantGroup section */
		287C9A0D217F39CB00D63092 /* Main.storyboard */ = {
			isa = PBXVariantGroup;
			children = (
				287C9A0E217F39CB00D63092 /* Base */,
			);
			name = Main.storyboard;
			sourceTree = "<group>";
		};
		287C9A12217F39CC00D63092 /* LaunchScreen.storyboard */ = {
			isa = PBXVariantGroup;
			children = (
				287C9A13217F39CC00D63092 /* Base */,
			);
			name = LaunchScreen.storyboard;
			sourceTree = "<group>";
		};
/* End PBXVariantGroup section */

/* Begin XCBuildConfiguration section */
		287C9A16217F39CC00D63092 /* Debug */ = {
			isa = XCBuildConfiguration;
			buildSettings = {
				ALWAYS_SEARCH_USER_PATHS = NO;
				CLANG_ANALYZER_NONNULL = YES;
				CLANG_ANALYZER_NUMBER_OBJECT_CONVERSION = YES_AGGRESSIVE;
				CLANG_CXX_LANGUAGE_STANDARD = "gnu++14";
				CLANG_CXX_LIBRARY = "libc++";
				CLANG_ENABLE_MODULES = YES;
				CLANG_ENABLE_OBJC_ARC = YES;
				CLANG_ENABLE_OBJC_WEAK = YES;
				CLANG_WARN_BLOCK_CAPTURE_AUTORELEASING = YES;
				CLANG_WARN_BOOL_CONVERSION = YES;
				CLANG_WARN_COMMA = YES;
				CLANG_WARN_CONSTANT_CONVERSION = YES;
				CLANG_WARN_DEPRECATED_OBJC_IMPLEMENTATIONS = YES;
				CLANG_WARN_DIRECT_OBJC_ISA_USAGE = YES_ERROR;
				CLANG_WARN_DOCUMENTATION_COMMENTS = YES;
				CLANG_WARN_EMPTY_BODY = YES;
				CLANG_WARN_ENUM_CONVERSION = YES;
				CLANG_WARN_INFINITE_RECURSION = YES;
				CLANG_WARN_INT_CONVERSION = YES;
				CLANG_WARN_NON_LITERAL_NULL_CONVERSION = YES;
				CLANG_WARN_OBJC_IMPLICIT_RETAIN_SELF = YES;
				CLANG_WARN_OBJC_LITERAL_CONVERSION = YES;
				CLANG_WARN_OBJC_ROOT_CLASS = YES_ERROR;
				CLANG_WARN_RANGE_LOOP_ANALYSIS = YES;
				CLANG_WARN_STRICT_PROTOTYPES = YES;
				CLANG_WARN_SUSPICIOUS_MOVE = YES;
				CLANG_WARN_UNGUARDED_AVAILABILITY = YES_AGGRESSIVE;
				CLANG_WARN_UNREACHABLE_CODE = YES;
				CLANG_WARN__DUPLICATE_METHOD_MATCH = YES;
				CODE_SIGN_IDENTITY = "iPhone Developer";
				COPY_PHASE_STRIP = NO;
				DEBUG_INFORMATION_FORMAT = dwarf;
				ENABLE_STRICT_OBJC_MSGSEND = YES;
				ENABLE_TESTABILITY = YES;
				GCC_C_LANGUAGE_STANDARD = gnu11;
				GCC_DYNAMIC_NO_PIC = NO;
				GCC_NO_COMMON_BLOCKS = YES;
				GCC_OPTIMIZATION_LEVEL = 0;
				GCC_PREPROCESSOR_DEFINITIONS = (
					"DEBUG=1",
					"$(inherited)",
				);
				GCC_WARN_64_TO_32_BIT_CONVERSION = YES;
				GCC_WARN_ABOUT_RETURN_TYPE = YES_ERROR;
				GCC_WARN_UNDECLARED_SELECTOR = YES;
				GCC_WARN_UNINITIALIZED_AUTOS = YES_AGGRESSIVE;
				GCC_WARN_UNUSED_FUNCTION = YES;
				GCC_WARN_UNUSED_VARIABLE = YES;
				IPHONEOS_DEPLOYMENT_TARGET = 13.2;
				MTL_ENABLE_DEBUG_INFO = INCLUDE_SOURCE;
				MTL_FAST_MATH = YES;
				ONLY_ACTIVE_ARCH = YES;
				SDKROOT = iphoneos;
				SWIFT_ACTIVE_COMPILATION_CONDITIONS = DEBUG;
				SWIFT_OPTIMIZATION_LEVEL = "-Onone";
			};
			name = Debug;
		};
		287C9A17217F39CC00D63092 /* Release */ = {
			isa = XCBuildConfiguration;
			buildSettings = {
				ALWAYS_SEARCH_USER_PATHS = NO;
				CLANG_ANALYZER_NONNULL = YES;
				CLANG_ANALYZER_NUMBER_OBJECT_CONVERSION = YES_AGGRESSIVE;
				CLANG_CXX_LANGUAGE_STANDARD = "gnu++14";
				CLANG_CXX_LIBRARY = "libc++";
				CLANG_ENABLE_MODULES = YES;
				CLANG_ENABLE_OBJC_ARC = YES;
				CLANG_ENABLE_OBJC_WEAK = YES;
				CLANG_WARN_BLOCK_CAPTURE_AUTORELEASING = YES;
				CLANG_WARN_BOOL_CONVERSION = YES;
				CLANG_WARN_COMMA = YES;
				CLANG_WARN_CONSTANT_CONVERSION = YES;
				CLANG_WARN_DEPRECATED_OBJC_IMPLEMENTATIONS = YES;
				CLANG_WARN_DIRECT_OBJC_ISA_USAGE = YES_ERROR;
				CLANG_WARN_DOCUMENTATION_COMMENTS = YES;
				CLANG_WARN_EMPTY_BODY = YES;
				CLANG_WARN_ENUM_CONVERSION = YES;
				CLANG_WARN_INFINITE_RECURSION = YES;
				CLANG_WARN_INT_CONVERSION = YES;
				CLANG_WARN_NON_LITERAL_NULL_CONVERSION = YES;
				CLANG_WARN_OBJC_IMPLICIT_RETAIN_SELF = YES;
				CLANG_WARN_OBJC_LITERAL_CONVERSION = YES;
				CLANG_WARN_OBJC_ROOT_CLASS = YES_ERROR;
				CLANG_WARN_RANGE_LOOP_ANALYSIS = YES;
				CLANG_WARN_STRICT_PROTOTYPES = YES;
				CLANG_WARN_SUSPICIOUS_MOVE = YES;
				CLANG_WARN_UNGUARDED_AVAILABILITY = YES_AGGRESSIVE;
				CLANG_WARN_UNREACHABLE_CODE = YES;
				CLANG_WARN__DUPLICATE_METHOD_MATCH = YES;
				CODE_SIGN_IDENTITY = "iPhone Developer";
				COPY_PHASE_STRIP = NO;
				DEBUG_INFORMATION_FORMAT = "dwarf-with-dsym";
				ENABLE_NS_ASSERTIONS = NO;
				ENABLE_STRICT_OBJC_MSGSEND = YES;
				GCC_C_LANGUAGE_STANDARD = gnu11;
				GCC_NO_COMMON_BLOCKS = YES;
				GCC_WARN_64_TO_32_BIT_CONVERSION = YES;
				GCC_WARN_ABOUT_RETURN_TYPE = YES_ERROR;
				GCC_WARN_UNDECLARED_SELECTOR = YES;
				GCC_WARN_UNINITIALIZED_AUTOS = YES_AGGRESSIVE;
				GCC_WARN_UNUSED_FUNCTION = YES;
				GCC_WARN_UNUSED_VARIABLE = YES;
				IPHONEOS_DEPLOYMENT_TARGET = 13.2;
				MTL_ENABLE_DEBUG_INFO = NO;
				MTL_FAST_MATH = YES;
				SDKROOT = iphoneos;
				SWIFT_COMPILATION_MODE = wholemodule;
				SWIFT_OPTIMIZATION_LEVEL = "-O";
				VALIDATE_PRODUCT = YES;
			};
			name = Release;
		};
		287C9A19217F39CC00D63092 /* Debug */ = {
			isa = XCBuildConfiguration;
			baseConfigurationReference = A3E05EC4359913A3F222ADC6 /* Pods-MarvelApiClient.debug.xcconfig */;
			buildSettings = {
				ALWAYS_EMBED_SWIFT_STANDARD_LIBRARIES = YES;
				ASSETCATALOG_COMPILER_APPICON_NAME = AppIcon;
				CODE_SIGN_IDENTITY = "Apple Development";
				CODE_SIGN_STYLE = Automatic;
				DEVELOPMENT_TEAM = 3VPL75LCE8;
				INFOPLIST_FILE = MarvelApiClient/Info.plist;
				IPHONEOS_DEPLOYMENT_TARGET = 13.2;
				LD_RUNPATH_SEARCH_PATHS = (
					"$(inherited)",
					"@executable_path/Frameworks",
				);
				PRODUCT_BUNDLE_IDENTIFIER = com.francobellu.MarvelApiClient;
				PRODUCT_NAME = "$(TARGET_NAME)";
				PROVISIONING_PROFILE_SPECIFIER = "";
				SWIFT_VERSION = 5.0;
				TARGETED_DEVICE_FAMILY = "1,2";
			};
			name = Debug;
		};
		287C9A1A217F39CC00D63092 /* Release */ = {
			isa = XCBuildConfiguration;
			baseConfigurationReference = 2BCEED2DB2E5F5A3838DCFEB /* Pods-MarvelApiClient.release.xcconfig */;
			buildSettings = {
				ALWAYS_EMBED_SWIFT_STANDARD_LIBRARIES = YES;
				ASSETCATALOG_COMPILER_APPICON_NAME = AppIcon;
				CODE_SIGN_IDENTITY = "Apple Development";
				CODE_SIGN_STYLE = Automatic;
				DEVELOPMENT_TEAM = 3VPL75LCE8;
				INFOPLIST_FILE = MarvelApiClient/Info.plist;
				IPHONEOS_DEPLOYMENT_TARGET = 13.2;
				LD_RUNPATH_SEARCH_PATHS = (
					"$(inherited)",
					"@executable_path/Frameworks",
				);
				PRODUCT_BUNDLE_IDENTIFIER = com.francobellu.MarvelApiClient;
				PRODUCT_NAME = "$(TARGET_NAME)";
				PROVISIONING_PROFILE_SPECIFIER = "";
				SWIFT_VERSION = 5.0;
				TARGETED_DEVICE_FAMILY = "1,2";
			};
			name = Release;
		};
		C76B29AB243A5F1B00793179 /* Debug */ = {
			isa = XCBuildConfiguration;
			baseConfigurationReference = 832D9F0DA0189EE70B975696 /* Pods-MarvelApiClientTests.debug.xcconfig */;
			buildSettings = {
				BUNDLE_LOADER = "$(TEST_HOST)";
				CODE_SIGN_STYLE = Automatic;
				DEVELOPMENT_TEAM = 3VPL75LCE8;
				INFOPLIST_FILE = MarvelApiClientTests/Info.plist;
				IPHONEOS_DEPLOYMENT_TARGET = 13.2;
				LD_RUNPATH_SEARCH_PATHS = (
					"$(inherited)",
					"@executable_path/Frameworks",
					"@loader_path/Frameworks",
				);
				PRODUCT_BUNDLE_IDENTIFIER = francobellu.com.marvelapiclient;
				PRODUCT_NAME = "$(TARGET_NAME)";
				SWIFT_VERSION = 5.0;
				TARGETED_DEVICE_FAMILY = "1,2";
				TEST_HOST = "$(BUILT_PRODUCTS_DIR)/MarvelApiClient.app/MarvelApiClient";
			};
			name = Debug;
		};
		C76B29AC243A5F1B00793179 /* Release */ = {
			isa = XCBuildConfiguration;
			baseConfigurationReference = FBEAB5C3E0AA40D892C42941 /* Pods-MarvelApiClientTests.release.xcconfig */;
			buildSettings = {
				BUNDLE_LOADER = "$(TEST_HOST)";
				CODE_SIGN_STYLE = Automatic;
				DEVELOPMENT_TEAM = 3VPL75LCE8;
				INFOPLIST_FILE = MarvelApiClientTests/Info.plist;
				IPHONEOS_DEPLOYMENT_TARGET = 13.2;
				LD_RUNPATH_SEARCH_PATHS = (
					"$(inherited)",
					"@executable_path/Frameworks",
					"@loader_path/Frameworks",
				);
				PRODUCT_BUNDLE_IDENTIFIER = francobellu.com.marvelapiclient;
				PRODUCT_NAME = "$(TARGET_NAME)";
				SWIFT_VERSION = 5.0;
				TARGETED_DEVICE_FAMILY = "1,2";
				TEST_HOST = "$(BUILT_PRODUCTS_DIR)/MarvelApiClient.app//MarvelApiClient";
			};
			name = Release;
		};
/* End XCBuildConfiguration section */

/* Begin XCConfigurationList section */
		287C9A01217F39CB00D63092 /* Build configuration list for PBXProject "MarvelApiClient" */ = {
			isa = XCConfigurationList;
			buildConfigurations = (
				287C9A16217F39CC00D63092 /* Debug */,
				287C9A17217F39CC00D63092 /* Release */,
			);
			defaultConfigurationIsVisible = 0;
			defaultConfigurationName = Release;
		};
		287C9A18217F39CC00D63092 /* Build configuration list for PBXNativeTarget "MarvelApiClient" */ = {
			isa = XCConfigurationList;
			buildConfigurations = (
				287C9A19217F39CC00D63092 /* Debug */,
				287C9A1A217F39CC00D63092 /* Release */,
			);
			defaultConfigurationIsVisible = 0;
			defaultConfigurationName = Release;
		};
		C76B29AA243A5F1B00793179 /* Build configuration list for PBXNativeTarget "MarvelApiClientTests" */ = {
			isa = XCConfigurationList;
			buildConfigurations = (
				C76B29AB243A5F1B00793179 /* Debug */,
				C76B29AC243A5F1B00793179 /* Release */,
			);
			defaultConfigurationIsVisible = 0;
			defaultConfigurationName = Release;
		};
/* End XCConfigurationList section */

/* Begin XCRemoteSwiftPackageReference section */
		C7A4D7CC24EAC530007D1DA6 /* XCRemoteSwiftPackageReference "AlamofireImage" */ = {
			isa = XCRemoteSwiftPackageReference;
			repositoryURL = "git@github.com:Alamofire/AlamofireImage.git";
			requirement = {
				branch = master;
				kind = branch;
			};
		};
/* End XCRemoteSwiftPackageReference section */

/* Begin XCSwiftPackageProductDependency section */
		C7411A3A24EAD451003D2B64 /* Rest */ = {
			isa = XCSwiftPackageProductDependency;
			productName = Rest;
		};
		C7A4D7CF24EAC60A007D1DA6 /* AlamofireImage */ = {
			isa = XCSwiftPackageProductDependency;
			package = C7A4D7CC24EAC530007D1DA6 /* XCRemoteSwiftPackageReference "AlamofireImage" */;
			productName = AlamofireImage;
		};
/* End XCSwiftPackageProductDependency section */
	};
	rootObject = 287C99FE217F39CB00D63092 /* Project object */;
}
